
Microsoft Visual Studio Solution File, Format Version 12.00
# Visual Studio 15
VisualStudioVersion = 15.0.28010.2026
MinimumVisualStudioVersion = 10.0.40219.1
Project("{9A19103F-16F7-4668-BE54-9A1E7A4F7556}") = "Feybos.WebApp", "Feybos.WebApp\Feybos.WebApp.csproj", "{3C973648-D1D7-4831-8B25-F961D9D22A1C}"
EndProject
Project("{2150E333-8FDC-42A3-9474-1A3956D46DE8}") = "App", "App", "{0CC8DCFC-F273-49DB-93BD-43158B22DC37}"
EndProject
Project("{FAE04EC0-301F-11D3-BF4B-00C04F79EFBC}") = "Feybos.ApiApp", "Feybos.ApiApp\Feybos.ApiApp.csproj", "{7C3AA631-FB0B-4176-AC4C-47B1444E1CDA}"
EndProject
Project("{2150E333-8FDC-42A3-9474-1A3956D46DE8}") = "Tests", "Tests", "{A368ADA2-7FF1-44EC-AFE9-997A3838716E}"
EndProject
Project("{FAE04EC0-301F-11D3-BF4B-00C04F79EFBC}") = "Feybos.Tests", "Feybos.Tests\Feybos.Tests.csproj", "{845AD1D0-A387-4263-B87F-03F08F00CD64}"
EndProject
Project("{2150E333-8FDC-42A3-9474-1A3956D46DE8}") = "Domain", "Domain", "{75011BC0-BA32-4E9E-B96D-8F9385CE2F22}"
EndProject
Project("{FAE04EC0-301F-11D3-BF4B-00C04F79EFBC}") = "Feybos.Domain.Core", "Feybos.Domain.Core\Feybos.Domain.Core.csproj", "{EF8A879C-597F-4474-A214-7024D2D7F94D}"
EndProject
Project("{FAE04EC0-301F-11D3-BF4B-00C04F79EFBC}") = "Feybos.Domain.Interfaces", "Feybos.Domain.Interfaces\Feybos.Domain.Interfaces.csproj", "{7380CDCF-E328-4334-8279-4358B2A0A01C}"
EndProject
Project("{2150E333-8FDC-42A3-9474-1A3956D46DE8}") = "Services", "Services", "{FAABA263-3FDD-432F-B796-E7B913C0136E}"
EndProject
Project("{FAE04EC0-301F-11D3-BF4B-00C04F79EFBC}") = "Feybos.Services.Interfaces", "Feybos.Services.Interfaces\Feybos.Services.Interfaces.csproj", "{33C1D60F-6B07-4B9E-8411-5E2BE91157E8}"
EndProject
Project("{2150E333-8FDC-42A3-9474-1A3956D46DE8}") = "Infrastructure", "Infrastructure", "{F768F783-ACC0-46D5-9489-7AB14544170E}"
EndProject
Project("{FAE04EC0-301F-11D3-BF4B-00C04F79EFBC}") = "Feybos.Infrastructure.Data", "Feybos.Infrastructure.Data\Feybos.Infrastructure.Data.csproj", "{42410F28-6633-4E20-8B6B-C11DC7AFB5B7}"
EndProject
Project("{FAE04EC0-301F-11D3-BF4B-00C04F79EFBC}") = "Feybos.Infrastructure.Business", "Feybos.Infrastructure.Business\Feybos.Infrastructure.Business.csproj", "{8D4B1DF9-89F3-429D-8A49-831A8D991FAD}"
EndProject
Project("{00D1A9C2-B5F0-4AF3-8072-F6C62B433612}") = "Feybos.Infrastructure.Database", "Feybos.Infrastructure.Database\Feybos.Infrastructure.Database.sqlproj", "{71912113-845B-4EEB-B834-38C73ABF345B}"
EndProject
Project("{FAE04EC0-301F-11D3-BF4B-00C04F79EFBC}") = "Feybos.Infrastructure.IoC", "Feybos.Infrastructure.IoC\Feybos.Infrastructure.IoC.csproj", "{2BF7571E-5910-4836-B0C6-51429D30E793}"
EndProject
Global
	GlobalSection(SolutionConfigurationPlatforms) = preSolution
		Debug|Any CPU = Debug|Any CPU
		Release|Any CPU = Release|Any CPU
	EndGlobalSection
	GlobalSection(ProjectConfigurationPlatforms) = postSolution
		{3C973648-D1D7-4831-8B25-F961D9D22A1C}.Debug|Any CPU.ActiveCfg = Debug|Any CPU
		{3C973648-D1D7-4831-8B25-F961D9D22A1C}.Debug|Any CPU.Build.0 = Debug|Any CPU
		{3C973648-D1D7-4831-8B25-F961D9D22A1C}.Release|Any CPU.ActiveCfg = Release|Any CPU
		{3C973648-D1D7-4831-8B25-F961D9D22A1C}.Release|Any CPU.Build.0 = Release|Any CPU
		{7C3AA631-FB0B-4176-AC4C-47B1444E1CDA}.Debug|Any CPU.ActiveCfg = Debug|Any CPU
		{7C3AA631-FB0B-4176-AC4C-47B1444E1CDA}.Debug|Any CPU.Build.0 = Debug|Any CPU
		{7C3AA631-FB0B-4176-AC4C-47B1444E1CDA}.Release|Any CPU.ActiveCfg = Release|Any CPU
		{7C3AA631-FB0B-4176-AC4C-47B1444E1CDA}.Release|Any CPU.Build.0 = Release|Any CPU
		{845AD1D0-A387-4263-B87F-03F08F00CD64}.Debug|Any CPU.ActiveCfg = Debug|Any CPU
		{845AD1D0-A387-4263-B87F-03F08F00CD64}.Debug|Any CPU.Build.0 = Debug|Any CPU
		{845AD1D0-A387-4263-B87F-03F08F00CD64}.Release|Any CPU.ActiveCfg = Release|Any CPU
		{845AD1D0-A387-4263-B87F-03F08F00CD64}.Release|Any CPU.Build.0 = Release|Any CPU
		{EF8A879C-597F-4474-A214-7024D2D7F94D}.Debug|Any CPU.ActiveCfg = Debug|Any CPU
		{EF8A879C-597F-4474-A214-7024D2D7F94D}.Debug|Any CPU.Build.0 = Debug|Any CPU
		{EF8A879C-597F-4474-A214-7024D2D7F94D}.Release|Any CPU.ActiveCfg = Release|Any CPU
		{EF8A879C-597F-4474-A214-7024D2D7F94D}.Release|Any CPU.Build.0 = Release|Any CPU
		{7380CDCF-E328-4334-8279-4358B2A0A01C}.Debug|Any CPU.ActiveCfg = Debug|Any CPU
		{7380CDCF-E328-4334-8279-4358B2A0A01C}.Debug|Any CPU.Build.0 = Debug|Any CPU
		{7380CDCF-E328-4334-8279-4358B2A0A01C}.Release|Any CPU.ActiveCfg = Release|Any CPU
		{7380CDCF-E328-4334-8279-4358B2A0A01C}.Release|Any CPU.Build.0 = Release|Any CPU
		{33C1D60F-6B07-4B9E-8411-5E2BE91157E8}.Debug|Any CPU.ActiveCfg = Debug|Any CPU
		{33C1D60F-6B07-4B9E-8411-5E2BE91157E8}.Debug|Any CPU.Build.0 = Debug|Any CPU
		{33C1D60F-6B07-4B9E-8411-5E2BE91157E8}.Release|Any CPU.ActiveCfg = Release|Any CPU
		{33C1D60F-6B07-4B9E-8411-5E2BE91157E8}.Release|Any CPU.Build.0 = Release|Any CPU
		{42410F28-6633-4E20-8B6B-C11DC7AFB5B7}.Debug|Any CPU.ActiveCfg = Debug|Any CPU
		{42410F28-6633-4E20-8B6B-C11DC7AFB5B7}.Debug|Any CPU.Build.0 = Debug|Any CPU
		{42410F28-6633-4E20-8B6B-C11DC7AFB5B7}.Release|Any CPU.ActiveCfg = Release|Any CPU
		{42410F28-6633-4E20-8B6B-C11DC7AFB5B7}.Release|Any CPU.Build.0 = Release|Any CPU
		{8D4B1DF9-89F3-429D-8A49-831A8D991FAD}.Debug|Any CPU.ActiveCfg = Debug|Any CPU
		{8D4B1DF9-89F3-429D-8A49-831A8D991FAD}.Debug|Any CPU.Build.0 = Debug|Any CPU
		{8D4B1DF9-89F3-429D-8A49-831A8D991FAD}.Release|Any CPU.ActiveCfg = Release|Any CPU
		{8D4B1DF9-89F3-429D-8A49-831A8D991FAD}.Release|Any CPU.Build.0 = Release|Any CPU
		{71912113-845B-4EEB-B834-38C73ABF345B}.Debug|Any CPU.ActiveCfg = Debug|Any CPU
		{71912113-845B-4EEB-B834-38C73ABF345B}.Debug|Any CPU.Build.0 = Debug|Any CPU
		{71912113-845B-4EEB-B834-38C73ABF345B}.Debug|Any CPU.Deploy.0 = Debug|Any CPU
		{71912113-845B-4EEB-B834-38C73ABF345B}.Release|Any CPU.ActiveCfg = Release|Any CPU
		{71912113-845B-4EEB-B834-38C73ABF345B}.Release|Any CPU.Build.0 = Release|Any CPU
		{71912113-845B-4EEB-B834-38C73ABF345B}.Release|Any CPU.Deploy.0 = Release|Any CPU
		{2BF7571E-5910-4836-B0C6-51429D30E793}.Debug|Any CPU.ActiveCfg = Debug|Any CPU
		{2BF7571E-5910-4836-B0C6-51429D30E793}.Debug|Any CPU.Build.0 = Debug|Any CPU
		{2BF7571E-5910-4836-B0C6-51429D30E793}.Release|Any CPU.ActiveCfg = Release|Any CPU
		{2BF7571E-5910-4836-B0C6-51429D30E793}.Release|Any CPU.Build.0 = Release|Any CPU
	EndGlobalSection
	GlobalSection(SolutionProperties) = preSolution
		HideSolutionNode = FALSE
	EndGlobalSection
	GlobalSection(NestedProjects) = preSolution
		{3C973648-D1D7-4831-8B25-F961D9D22A1C} = {0CC8DCFC-F273-49DB-93BD-43158B22DC37}
		{7C3AA631-FB0B-4176-AC4C-47B1444E1CDA} = {0CC8DCFC-F273-49DB-93BD-43158B22DC37}
		{845AD1D0-A387-4263-B87F-03F08F00CD64} = {A368ADA2-7FF1-44EC-AFE9-997A3838716E}
		{EF8A879C-597F-4474-A214-7024D2D7F94D} = {75011BC0-BA32-4E9E-B96D-8F9385CE2F22}
		{7380CDCF-E328-4334-8279-4358B2A0A01C} = {75011BC0-BA32-4E9E-B96D-8F9385CE2F22}
		{33C1D60F-6B07-4B9E-8411-5E2BE91157E8} = {FAABA263-3FDD-432F-B796-E7B913C0136E}
		{42410F28-6633-4E20-8B6B-C11DC7AFB5B7} = {F768F783-ACC0-46D5-9489-7AB14544170E}
		{8D4B1DF9-89F3-429D-8A49-831A8D991FAD} = {F768F783-ACC0-46D5-9489-7AB14544170E}
		{71912113-845B-4EEB-B834-38C73ABF345B} = {F768F783-ACC0-46D5-9489-7AB14544170E}
		{2BF7571E-5910-4836-B0C6-51429D30E793} = {F768F783-ACC0-46D5-9489-7AB14544170E}
	EndGlobalSection
	GlobalSection(ExtensibilityGlobals) = postSolution
		SolutionGuid = {DC273695-90CC-4C9C-9E94-157AA62CC08B}
	EndGlobalSection
EndGlobal
